{
  "version": 1,
  "dependencies": {
    "net10.0": {
      "coverlet.collector": {
        "type": "Direct",
        "requested": "[10.0.1, )",
        "resolved": "10.0.1",
        "contentHash": "27jXSV/0DbVqF5jDrAxuQFZ9oaz6gmG03p8ttxAFk+X0M4woFYj7MoWDLCna5EGLb0CE6OE7X6ZH3Wt5smTtaA=="
      },
      "FluentAssertions": {
        "type": "Direct",
        "requested": "[8.10.0, )",
        "resolved": "8.10.0",
        "contentHash": "yGvv+xp0gHFgGwhQcGoDdKIrhLhPi3zYYWWLLHPMctr+G6PWD7QH8L4wqoa5WRZquPbfSV/cP1MraI7ppAHrWw=="
      },
      "MailKit": {
        "type": "Direct",
        "requested": "[4.17.0, )",
        "resolved": "4.17.0",
        "contentHash": "1nUAVLxM9fhT/78we6/AGsCesnpn5dRNLLeRqOfr52Wnk87pzVwo5YMTMyqnmoXrYc7piGhmayiMA/OgDluIjg==",
        "dependencies": {
          "MimeKit": "4.17.0"
        }
      },
      "Microsoft.NET.Test.Sdk": {
        "type": "Direct",
        "requested": "[18.9.0, )",
        "resolved": "18.9.0",
        "contentHash": "xIzVXa/VpKXqDWzyC/5Hw8JbFY5u9k3Jc53CpcjBiOXvkQGio484LD9FNwOiGUSMDcYL3Rcw9sNgGi5WrswlPQ==",
        "dependencies": {
          "Microsoft.CodeCoverage": "18.9.0",
          "Microsoft.TestPlatform.TestHost": "18.9.0"
        }
      },
      "NSubstitute": {
        "type": "Direct",
        "requested": "[6.2.0, )",
        "resolved": "6.2.0",
        "contentHash": "05oaAmBAvYYUQb/NTb9/kWBDjq0iS772X4t428WJcHRcH+5ULJx6rTbEvqkZJBIHWRLI8MlU3et3F5/gkEHKIw==",
        "dependencies": {
          "Castle.Core": "5.1.1"
        }
      },
      "xunit": {
        "type": "Direct",
        "requested": "[2.9.3, )",
        "resolved": "2.9.3",
        "contentHash": "TlXQBinK35LpOPKHAqbLY4xlEen9TBafjs0V5KnA4wZsoQLQJiirCR4CbIXvOH8NzkW4YeJKP5P/Bnrodm0h9Q==",
        "dependencies": {
          "xunit.analyzers": "1.18.0",
          "xunit.assert": "2.9.3",
          "xunit.core": "[2.9.3]"
        }
      },
      "xunit.runner.visualstudio": {
        "type": "Direct",
        "requested": "[4.0.0, )",
        "resolved": "4.0.0",
        "contentHash": "kzLFyBYUnoidpGOXvpNOfIo8C92gVgVR6X8ncHwhcrDYugiOut5rrhDkr0L3cWHd7J2pKXf6LgaeXoBBDlx1ag=="
      },
      "Azure.Core": {
        "type": "Transitive",
        "resolved": "1.54.0",
        "contentHash": "m6hHbx1q9+GCBZ5A9ykzFylPdTwscX2APH7PlnqV+yu+DH3RRtuIDJMRqdU17cMyinv0hCPofpegoyQ6qWPW7g==",
        "dependencies": {
          "Microsoft.Bcl.AsyncInterfaces": "10.0.3",
          "Microsoft.Extensions.Configuration.Abstractions": "10.0.3",
          "Microsoft.Extensions.Hosting.Abstractions": "10.0.3",
          "Microsoft.Identity.Client": "4.83.1",
          "Microsoft.Identity.Client.Extensions.Msal": "4.83.1",
          "System.ClientModel": "1.10.0",
          "System.Memory.Data": "10.0.3"
        }
      },
      "Azure.Identity": {
        "type": "Transitive",
        "resolved": "1.21.0",
        "contentHash": "GeFv8sGwRKvDKwI2WFy8r0mhmlxEVZg24Sit2NogTjiSO8RVjllWM65OT6e1sKjOvG8V74y7hAbaELUUPjZQSw==",
        "dependencies": {
          "Azure.Core": "1.53.0"
        }
      },
      "Azure.Monitor.OpenTelemetry.Exporter": {
        "type": "Transitive",
        "resolved": "1.8.0",
        "contentHash": "JbNUQIK7uZ7Mg2fZzdsjqC/eso3Ag/tMwCqYvGvedyE1fObe6JAwCaCSMZDMrhrAaFn8x8+ZaKJelfcEK5MCcg==",
        "dependencies": {
          "Azure.Core": "1.54.0",
          "OpenTelemetry.Extensions.Hosting": "1.15.3",
          "OpenTelemetry.PersistentStorage.FileSystem": "1.0.3"
        }
      },
      "BouncyCastle.Cryptography": {
        "type": "Transitive",
        "resolved": "2.6.2",
        "contentHash": "7oWOcvnntmMKNzDLsdxAYqApt+AjpRpP2CShjMfIa3umZ42UQMvH0tl1qAliYPNYO6vTdcGMqnRrCPmsfzTI1w=="
      },
      "Castle.Core": {
        "type": "Transitive",
        "resolved": "5.1.1",
        "contentHash": "rpYtIczkzGpf+EkZgDr9CClTdemhsrwA/W5hMoPjLkRFnXzH44zDLoovXeKtmxb1ykXK9aJVODSpiJml8CTw2g==",
        "dependencies": {
          "System.Diagnostics.EventLog": "6.0.0"
        }
      },
      "Microsoft.ApplicationInsights": {
        "type": "Transitive",
        "resolved": "3.1.2",
        "contentHash": "E+8N7Q6GS/AcyJ0xuYA48nVL4eQGGOSJZvNz/R7qQtMGCUwjLzQe9Ttpgh/7eQktngsUuNGaEzBhM7IUU0t4xA==",
        "dependencies": {
          "Azure.Monitor.OpenTelemetry.Exporter": "1.8.0"
        }
      },
      "Microsoft.AspNetCore.Cryptography.Internal": {
        "type": "Transitive",
        "resolved": "10.0.11",
        "contentHash": "rDS7psQk0UGKAHFg8O3Ho9E+wLz1E2O9Ppt47wtc7A5H0kI6rwTcJ7V1rxj5jN7FfD/KkS4jzbdMiVOaHGUyiQ=="
      },
      "Microsoft.AspNetCore.DataProtection": {
        "type": "Transitive",
        "resolved": "10.0.11",
        "contentHash": "1m+CJd0mookt7PzOqOv+ADZtEzS6530xYPjm2kwrI+yJILxNtD6+r80fZczYy1kAf6cwxtp+eSSFrouZ+bCBDA==",
        "dependencies": {
          "Microsoft.AspNetCore.Cryptography.Internal": "10.0.11",
          "Microsoft.AspNetCore.DataProtection.Abstractions": "10.0.11",
          "Microsoft.Extensions.DependencyInjection.Abstractions": "10.0.11",
          "Microsoft.Extensions.Hosting.Abstractions": "10.0.11",
          "Microsoft.Extensions.Logging.Abstractions": "10.0.11",
          "Microsoft.Extensions.Options": "10.0.11",
          "System.Security.Cryptography.Xml": "10.0.11"
        }
      },
      "Microsoft.AspNetCore.DataProtection.Abstractions": {
        "type": "Transitive",
        "resolved": "10.0.11",
        "contentHash": "nqpcXNw0g8nlFep5IQKEGRXyXi596uM8WNydR7VikKlokUkAr1cOZh1qstc6AotdfJg1oWUfFS+lY7wlbW3YnA=="
      },
      "Microsoft.Bcl.AsyncInterfaces": {
        "type": "Transitive",
        "resolved": "10.0.3",
        "contentHash": "TV62UsrJZPX6gbt3c4WrtXh7bmaDIcMqf9uft1cc4L6gJXOU07hDGEh+bFQh/L2Az0R1WVOkiT66lFqS6G2NmA=="
      },
      "Microsoft.CodeCoverage": {
        "type": "Transitive",
        "resolved": "18.9.0",
        "contentHash": "MtegCIKGuG0r/LCdIjoR1HgzCGIUBhR3aNdbtQpts5vMXQuqBDZ2Jsd2uFKoHFM2XrQV6ZrDf3F5oLi3SLTp8w=="
      },
      "Microsoft.Data.Sqlite": {
        "type": "Transitive",
        "resolved": "10.0.11",
        "contentHash": "7je7UELzm131GiLYc4PpZvfKXIgIyzPM+v+tjcd/nbnuWRfgcONYKzDTqJlURxwVCFsVnlpmq6y6yn4qvR8QXQ==",
        "dependencies": {
          "Microsoft.Data.Sqlite.Core": "10.0.11",
          "SQLitePCLRaw.bundle_e_sqlite3": "2.1.12",
          "SQLitePCLRaw.core": "2.1.12"
        }
      },
      "Microsoft.Data.Sqlite.Core": {
        "type": "Transitive",
        "resolved": "10.0.11",
        "contentHash": "hubA20AGenQ4Sx0ElWaPpB8DISjXpdx463+1zOGRslsT0e/t/06ITv+pHsop8CcJ0d8PZLfgnT7juCDVD79Dkw==",
        "dependencies": {
          "SQLitePCLRaw.core": "2.1.12"
        }
      },
      "Microsoft.Extensions.Configuration": {
        "type": "Transitive",
        "resolved": "10.0.11",
        "contentHash": "wlhRqZW8LcJPa+vk2oLAc/REXDItHtkFQdf/QcXYGZbZOO13izcsKY1pCvuFQYwUiZD+hwSZwsKASjqT+BNaVg==",
        "dependencies": {
          "Microsoft.Extensions.Configuration.Abstractions": "10.0.11",
          "Microsoft.Extensions.Primitives": "10.0.11"
        }
      },
      "Microsoft.Extensions.Configuration.Abstractions": {
        "type": "Transitive",
        "resolved": "10.0.11",
        "contentHash": "fVi053xdpda9Em7vSkmgVxO/PtgC2m78ekReKWsgcyskqY0U82Bz/MONwxpGzI0hElYKJfw+fupqMVeKW3fSaA==",
        "dependencies": {
          "Microsoft.Extensions.Primitives": "10.0.11"
        }
      },
      "Microsoft.Extensions.Configuration.Binder": {
        "type": "Transitive",
        "resolved": "10.0.11",
        "contentHash": "rFn8RuszZn3qquPVkDytMUlPc2+rXl9MCoygwc1XmAgC5vg5/oXJ8hkOosOrLoBLsqdTy4lFwP6iQdPS9uSYOA==",
        "dependencies": {
          "Microsoft.Extensions.Configuration": "10.0.11",
          "Microsoft.Extensions.Configuration.Abstractions": "10.0.11"
        }
      },
      "Microsoft.Extensions.Configuration.CommandLine": {
        "type": "Transitive",
        "resolved": "10.0.11",
        "contentHash": "1KHr/1L56llwQ/yI0tAisEA31UpPsn8aasjASIwELOaN4JIUcbjuQBMdFOIzfNBBeULoUa0XfBe5QDtRRUY+fg==",
        "dependencies": {
          "Microsoft.Extensions.Configuration": "10.0.11",
          "Microsoft.Extensions.Configuration.Abstractions": "10.0.11"
        }
      },
      "Microsoft.Extensions.Configuration.EnvironmentVariables": {
        "type": "Transitive",
        "resolved": "10.0.11",
        "contentHash": "KICyU3eVi5jvloKm01EXV69L97H/zkhISVtV98cIuzuFOxNx3xTUVcXqvWTz3aq7OvUuDB/MFlPFjmxRaKF7/A==",
        "dependencies": {
          "Microsoft.Extensions.Configuration": "10.0.11",
          "Microsoft.Extensions.Configuration.Abstractions": "10.0.11"
        }
      },
      "Microsoft.Extensions.Configuration.FileExtensions": {
        "type": "Transitive",
        "resolved": "10.0.11",
        "contentHash": "mDW7KVFB05M6jiRUyaZiOMWhS31n5HlSZwoYctHAZAucD4sMDJ70IxOmkGDt6RpstchD+keWBjhdzcMpSkWvWQ==",
        "dependencies": {
          "Microsoft.Extensions.Configuration": "10.0.11",
          "Microsoft.Extensions.Configuration.Abstractions": "10.0.11",
          "Microsoft.Extensions.FileProviders.Abstractions": "10.0.11",
          "Microsoft.Extensions.FileProviders.Physical": "10.0.11",
          "Microsoft.Extensions.Primitives": "10.0.11"
        }
      },
      "Microsoft.Extensions.Configuration.Json": {
        "type": "Transitive",
        "resolved": "10.0.11",
        "contentHash": "nSPrT8U/cNoB4coqkmnanAMK9PsL7lsjG+LLUKEwHRFwS6E78b8S1wdv/y88EOxBhasWov1rLd7RTHmmsYPOLg==",
        "dependencies": {
          "Microsoft.Extensions.Configuration": "10.0.11",
          "Microsoft.Extensions.Configuration.Abstractions": "10.0.11",
          "Microsoft.Extensions.Configuration.FileExtensions": "10.0.11",
          "Microsoft.Extensions.FileProviders.Abstractions": "10.0.11"
        }
      },
      "Microsoft.Extensions.Configuration.UserSecrets": {
        "type": "Transitive",
        "resolved": "10.0.11",
        "contentHash": "BRliLdUowglV8GS+J1G/QsSofCJYYFg3U8QZx0ACRn+a91az/Qnpy+h6PyHS94WgV2TSazX5D/cuuk6wnCJatw==",
        "dependencies": {
          "Microsoft.Extensions.Configuration.Abstractions": "10.0.11",
          "Microsoft.Extensions.Configuration.Json": "10.0.11",
          "Microsoft.Extensions.FileProviders.Abstractions": "10.0.11",
          "Microsoft.Extensions.FileProviders.Physical": "10.0.11"
        }
      },
      "Microsoft.Extensions.DependencyInjection": {
        "type": "Transitive",
        "resolved": "10.0.11",
        "contentHash": "PSmotV19c7E3lKed++uYo1kSiXFI+uTl37CBSrhq+CfLC3FCHjG7R91+xPnNehQfHS1b0Tzo/CCLPWH3qaEheg==",
        "dependencies": {
          "Microsoft.Extensions.DependencyInjection.Abstractions": "10.0.11"
        }
      },
      "Microsoft.Extensions.DependencyInjection.Abstractions": {
        "type": "Transitive",
        "resolved": "10.0.11",
        "contentHash": "/a1aJz4m7ylhEDf25ugQChLQoN5XwoGjWw/BoR/ZWWKsO1v4DdJElS1uyngahz4B/eOzjFk1KNTkarRLE5wsIg=="
      },
      "Microsoft.Extensions.DependencyModel": {
        "type": "Transitive",
        "resolved": "10.0.0",
        "contentHash": "RFYJR7APio/BiqdQunRq6DB+nDB6nc2qhHr77mlvZ0q0BT8PubMXN7XicmfzCbrDE/dzhBnUKBRXLTcqUiZDGg=="
      },
      "Microsoft.Extensions.Diagnostics": {
        "type": "Transitive",
        "resolved": "10.0.11",
        "contentHash": "HT70uGPxMLqqnOzKMcnQtDmeV4r0KHr4qVCLhP7SXil9jMEm8sQXwcybxVVFGXZJ1V44xV0mLqQ54aZbcR2OiQ==",
        "dependencies": {
          "Microsoft.Extensions.Configuration": "10.0.11",
          "Microsoft.Extensions.Diagnostics.Abstractions": "10.0.11",
          "Microsoft.Extensions.Options.ConfigurationExtensions": "10.0.11"
        }
      },
      "Microsoft.Extensions.Diagnostics.Abstractions": {
        "type": "Transitive",
        "resolved": "10.0.11",
        "contentHash": "se7Kx8QpJEt+nf26L4qIVAofGTDr1wbexxsh/Fm3Xc04xUkqUXK06KUS7FLwSQYSjqb7q9n+T7MEcXYBhI1Y5g==",
        "dependencies": {
          "Microsoft.Extensions.DependencyInjection.Abstractions": "10.0.11",
          "Microsoft.Extensions.Options": "10.0.11"
        }
      },
      "Microsoft.Extensions.FileProviders.Abstractions": {
        "type": "Transitive",
        "resolved": "10.0.11",
        "contentHash": "JOjac6SQQgZmdmB8WGEw61/7siqMZoWJMkmq2p1goJGxqI59lO6oB4bOl0jNsbaPBdYy5Mlkb+6U7T4+CjnD8Q==",
        "dependencies": {
          "Microsoft.Extensions.Primitives": "10.0.11"
        }
      },
      "Microsoft.Extensions.FileProviders.Physical": {
        "type": "Transitive",
        "resolved": "10.0.11",
        "contentHash": "Tq/UqMaczePv9yWwSsJZRgKtgA46djVR5xHj/lZBCueQ3ag8f9v5mu0EdhrNx7tXxNk+Y9OurG2oKuSKINjr0A==",
        "dependencies": {
          "Microsoft.Extensions.FileProviders.Abstractions": "10.0.11",
          "Microsoft.Extensions.FileSystemGlobbing": "10.0.11",
          "Microsoft.Extensions.Primitives": "10.0.11"
        }
      },
      "Microsoft.Extensions.FileSystemGlobbing": {
        "type": "Transitive",
        "resolved": "10.0.11",
        "contentHash": "2i6rtW/B5rCnWCnhdmWWEmaM9O0HD0zsPY9eRqa++y4tclI3Uw8zvGbBvhY/LjAdtf8gUHhUPcAWj3DRlWMXmQ=="
      },
      "Microsoft.Extensions.Hosting": {
        "type": "Transitive",
        "resolved": "10.0.11",
        "contentHash": "eIDa/Rl+93aj17gMlFsJJx+LhBvb3CP0Mu1PeVYkDp2Y3S4Jock8UynfGQEcx7lrlq+gKW+ECQJHbro/LTPDEQ==",
        "dependencies": {
          "Microsoft.Extensions.Configuration": "10.0.11",
          "Microsoft.Extensions.Configuration.Abstractions": "10.0.11",
          "Microsoft.Extensions.Configuration.Binder": "10.0.11",
          "Microsoft.Extensions.Configuration.CommandLine": "10.0.11",
          "Microsoft.Extensions.Configuration.EnvironmentVariables": "10.0.11",
          "Microsoft.Extensions.Configuration.FileExtensions": "10.0.11",
          "Microsoft.Extensions.Configuration.Json": "10.0.11",
          "Microsoft.Extensions.Configuration.UserSecrets": "10.0.11",
          "Microsoft.Extensions.DependencyInjection": "10.0.11",
          "Microsoft.Extensions.DependencyInjection.Abstractions": "10.0.11",
          "Microsoft.Extensions.Diagnostics": "10.0.11",
          "Microsoft.Extensions.FileProviders.Abstractions": "10.0.11",
          "Microsoft.Extensions.FileProviders.Physical": "10.0.11",
          "Microsoft.Extensions.Hosting.Abstractions": "10.0.11",
          "Microsoft.Extensions.Logging": "10.0.11",
          "Microsoft.Extensions.Logging.Abstractions": "10.0.11",
          "Microsoft.Extensions.Logging.Configuration": "10.0.11",
          "Microsoft.Extensions.Logging.Console": "10.0.11",
          "Microsoft.Extensions.Logging.Debug": "10.0.11",
          "Microsoft.Extensions.Logging.EventLog": "10.0.11",
          "Microsoft.Extensions.Logging.EventSource": "10.0.11",
          "Microsoft.Extensions.Options": "10.0.11"
        }
      },
      "Microsoft.Extensions.Hosting.Abstractions": {
        "type": "Transitive",
        "resolved": "10.0.11",
        "contentHash": "pwtpF7iF/NNaOBcX+pvMZ7y2+JAVbH5KkNrH9uMZtuVxVJsFTDiWiCR7Tk3HVptsAijaetipUZVRVK2LLq+nvA==",
        "dependencies": {
          "Microsoft.Extensions.Configuration.Abstractions": "10.0.11",
          "Microsoft.Extensions.DependencyInjection.Abstractions": "10.0.11",
          "Microsoft.Extensions.Diagnostics.Abstractions": "10.0.11",
          "Microsoft.Extensions.FileProviders.Abstractions": "10.0.11",
          "Microsoft.Extensions.Logging.Abstractions": "10.0.11"
        }
      },
      "Microsoft.Extensions.Hosting.WindowsServices": {
        "type": "Transitive",
        "resolved": "10.0.11",
        "contentHash": "OTlOHRxmt4IyYR5tBejF5ffdVMbo9n5NbPJRzCe0bnJmzTQt0kHNiDiEU96t4KkB3wE3vZqPETtXJVLujrRJnA==",
        "dependencies": {
          "Microsoft.Extensions.Hosting": "10.0.11",
          "Microsoft.Extensions.Logging.EventLog": "10.0.11",
          "System.ServiceProcess.ServiceController": "10.0.11"
        }
      },
      "Microsoft.Extensions.Logging": {
        "type": "Transitive",
        "resolved": "10.0.11",
        "contentHash": "nUOJwgFkSiLHiVGFpU22pIJtuWYewuSYQ3JVuP/gdK8ASMT807Px+TYQiRWs6uSsOmoyFTaVCwKXTasczV6BpA==",
        "dependencies": {
          "Microsoft.Extensions.DependencyInjection": "10.0.11",
          "Microsoft.Extensions.Logging.Abstractions": "10.0.11",
          "Microsoft.Extensions.Options": "10.0.11"
        }
      },
      "Microsoft.Extensions.Logging.Abstractions": {
        "type": "Transitive",
        "resolved": "10.0.11",
        "contentHash": "Ljd0Uxoq5XpScD2Bg0nM/r3mwx7Ao5Uq24eo2ARxbGvqJ7Zht6rt2cJtwVRH4Cv+1ZVMdXz6TB43KbpmsxRrvQ==",
        "dependencies": {
          "Microsoft.Extensions.DependencyInjection.Abstractions": "10.0.11"
        }
      },
      "Microsoft.Extensions.Logging.Configuration": {
        "type": "Transitive",
        "resolved": "10.0.11",
        "contentHash": "S7LvLeVHKNPaY2NMyxW7c2TBGsLgxoSUBCV5Ev5iN8kgC7EPR2UB7eW7vHsElGMcIUDwRmoxLfvGDynCn3q6EA==",
        "dependencies": {
          "Microsoft.Extensions.Configuration": "10.0.11",
          "Microsoft.Extensions.Configuration.Abstractions": "10.0.11",
          "Microsoft.Extensions.Configuration.Binder": "10.0.11",
          "Microsoft.Extensions.DependencyInjection.Abstractions": "10.0.11",
          "Microsoft.Extensions.Logging": "10.0.11",
          "Microsoft.Extensions.Logging.Abstractions": "10.0.11",
          "Microsoft.Extensions.Options": "10.0.11",
          "Microsoft.Extensions.Options.ConfigurationExtensions": "10.0.11"
        }
      },
      "Microsoft.Extensions.Logging.Console": {
        "type": "Transitive",
        "resolved": "10.0.11",
        "contentHash": "dFc0yDudyD1iIg6z9XT7ofsT3hVO7Y4ylrxGHIVRR0GaZ4CUk4ujOrMoy7wWEdNHZhvJooySg6hZpOxyS8zEVA==",
        "dependencies": {
          "Microsoft.Extensions.DependencyInjection.Abstractions": "10.0.11",
          "Microsoft.Extensions.Logging": "10.0.11",
          "Microsoft.Extensions.Logging.Abstractions": "10.0.11",
          "Microsoft.Extensions.Logging.Configuration": "10.0.11",
          "Microsoft.Extensions.Options": "10.0.11"
        }
      },
      "Microsoft.Extensions.Logging.Debug": {
        "type": "Transitive",
        "resolved": "10.0.11",
        "contentHash": "wr+j1bjdFXhc8lKTLoq+RbwFM8M+orcMS9xrcqLmDGOxJcXpKizEeE5h6v/GKwCZV02FmhaA7OlNjoq072jZpQ==",
        "dependencies": {
          "Microsoft.Extensions.DependencyInjection.Abstractions": "10.0.11",
          "Microsoft.Extensions.Logging": "10.0.11",
          "Microsoft.Extensions.Logging.Abstractions": "10.0.11"
        }
      },
      "Microsoft.Extensions.Logging.EventLog": {
        "type": "Transitive",
        "resolved": "10.0.11",
        "contentHash": "Eck9GpCCpvZ3f6L7IUlN+mPtRVefnf7PsiIG5vi61QawPtLNCEAv2TPD/M3SojcU0PFaef+BxiVGPOShFHtDog==",
        "dependencies": {
          "Microsoft.Extensions.DependencyInjection.Abstractions": "10.0.11",
          "Microsoft.Extensions.Logging": "10.0.11",
          "Microsoft.Extensions.Logging.Abstractions": "10.0.11",
          "Microsoft.Extensions.Options": "10.0.11",
          "System.Diagnostics.EventLog": "10.0.11"
        }
      },
      "Microsoft.Extensions.Logging.EventSource": {
        "type": "Transitive",
        "resolved": "10.0.11",
        "contentHash": "hs6QWECLLohi2VKqUvSGRUvrg7eXR1DqKL95Jrtz3cdD2g2nBA+yJPdRQLZ7SLmnTZWycxfMDK2s0ho+rfst5w==",
        "dependencies": {
          "Microsoft.Extensions.DependencyInjection.Abstractions": "10.0.11",
          "Microsoft.Extensions.Logging": "10.0.11",
          "Microsoft.Extensions.Logging.Abstractions": "10.0.11",
          "Microsoft.Extensions.Options": "10.0.11",
          "Microsoft.Extensions.Primitives": "10.0.11"
        }
      },
      "Microsoft.Extensions.Options": {
        "type": "Transitive",
        "resolved": "10.0.11",
        "contentHash": "eY1GAKcTfD2maP27J84X9IovT3yjHJ2dVDzPmDg6/XqYvt3jMzJhtfQCLjG9pVsZGAd+8DQ2QrjaDcs2+VQLGw==",
        "dependencies": {
          "Microsoft.Extensions.DependencyInjection.Abstractions": "10.0.11",
          "Microsoft.Extensions.Primitives": "10.0.11"
        }
      },
      "Microsoft.Extensions.Options.ConfigurationExtensions": {
        "type": "Transitive",
        "resolved": "10.0.11",
        "contentHash": "syEhXQ/sEaSBFaqzlp9gDGHX/nk6gkQkh1sIUpBO1mlBj3Phu1rmb4ML1uCiyPW9N6Kxfxv3y5FGObC+bV01Qw==",
        "dependencies": {
          "Microsoft.Extensions.Configuration.Abstractions": "10.0.11",
          "Microsoft.Extensions.Configuration.Binder": "10.0.11",
          "Microsoft.Extensions.DependencyInjection.Abstractions": "10.0.11",
          "Microsoft.Extensions.Options": "10.0.11",
          "Microsoft.Extensions.Primitives": "10.0.11"
        }
      },
      "Microsoft.Extensions.Primitives": {
        "type": "Transitive",
        "resolved": "10.0.11",
        "contentHash": "SXcz+kF+4Oo9b1+55zntpJFYfwb1jw66ioxptyNOOTDc8g2FHnBFWjZpsWfCvZIhzr0x+4e2trVTs4OKwQfBtw=="
      },
      "Microsoft.Graph": {
        "type": "Transitive",
        "resolved": "6.5.0",
        "contentHash": "44GSZ/Tz2L3ABVec5wl4EinUsCRT/pYE/Msmz8m7Pp2AYTDj3iDjzDjVmcCRGazklrYA/Hens/IEcWWPTrvEwg==",
        "dependencies": {
          "Microsoft.Graph.Core": "4.0.1"
        }
      },
      "Microsoft.Graph.Core": {
        "type": "Transitive",
        "resolved": "4.0.1",
        "contentHash": "hWfGglaCLUZsOs0VHA2vkwBCRy0WOEfH4Wh1Y7yb1Q5nSbiyiPJWtHOuEfuEa2jqU0tPKOQ7eN8HRTSOMMQNfw==",
        "dependencies": {
          "Microsoft.IdentityModel.Protocols.OpenIdConnect": "8.18.0",
          "Microsoft.IdentityModel.Validators": "8.18.0",
          "Microsoft.Kiota.Abstractions": "2.0.0",
          "Microsoft.Kiota.Authentication.Azure": "2.0.0",
          "Microsoft.Kiota.Http.HttpClientLibrary": "2.0.0",
          "Microsoft.Kiota.Serialization.Form": "2.0.0",
          "Microsoft.Kiota.Serialization.Json": "2.0.0",
          "Microsoft.Kiota.Serialization.Multipart": "2.0.0",
          "Microsoft.Kiota.Serialization.Text": "2.0.0"
        }
      },
      "Microsoft.Identity.Client": {
        "type": "Transitive",
        "resolved": "4.88.0",
        "contentHash": "7Eg+0J3DQyy/HNMucGScRBCcxetZUJkti8KNxY6K/HtM5BsyYQpc25agW0xxKmjvpaZY9XcEbyUL7DbSkIIcZQ==",
        "dependencies": {
          "Microsoft.IdentityModel.Abstractions": "8.14.0"
        }
      },
      "Microsoft.Identity.Client.Extensions.Msal": {
        "type": "Transitive",
        "resolved": "4.83.1",
        "contentHash": "I3k4J4Hj4KbLEFanjeUzzDOVecukETaTgEkJ7h2pP/Yazs6SLp6TVUTo/Eo+ptPXMwvc+iX7rBFtMSUrA7R+Mg==",
        "dependencies": {
          "Microsoft.Identity.Client": "4.83.1",
          "System.Security.Cryptography.ProtectedData": "4.5.0"
        }
      },
      "Microsoft.IdentityModel.Abstractions": {
        "type": "Transitive",
        "resolved": "8.18.0",
        "contentHash": "8VUcDy66uw1GUC/ytyRJAUgGxydPu2rLtUbUAiniCHd5SMB/01Q28XgqFyxIqb3srz6HWTgSsZdDbkdVJr3LXQ=="
      },
      "Microsoft.IdentityModel.JsonWebTokens": {
        "type": "Transitive",
        "resolved": "8.18.0",
        "contentHash": "ZUMJt3r1zOi67AVSfnh3u9hg9KCq06roOIX5gs7FqsucSZ/VTsI89DI9h2gHyU0xOtj/qVZV2ugWS6JlLMTwHQ==",
        "dependencies": {
          "Microsoft.IdentityModel.Tokens": "8.18.0"
        }
      },
      "Microsoft.IdentityModel.Logging": {
        "type": "Transitive",
        "resolved": "8.18.0",
        "contentHash": "c2l/VEtW1XI/ifcu49xzDwgrZZ0a0aX/TwCPC7mEHFQk/KixDgtSdjB5eDhYyCO38GJiRUjeRTz9aWCy1t55ww==",
        "dependencies": {
          "Microsoft.IdentityModel.Abstractions": "8.18.0"
        }
      },
      "Microsoft.IdentityModel.Protocols": {
        "type": "Transitive",
        "resolved": "8.18.0",
        "contentHash": "kKimlJy4j5m9ZkX/RTp12+gvxzM+QU5H3h7zzdroTt0v10/7AQsHG4tqi3ixvNjx5PPY0JnbpBsNXC/Xb1+sgQ==",
        "dependencies": {
          "Microsoft.IdentityModel.Tokens": "8.18.0"
        }
      },
      "Microsoft.IdentityModel.Protocols.OpenIdConnect": {
        "type": "Transitive",
        "resolved": "8.18.0",
        "contentHash": "suO9qM+gTjIMmHiEwZFitx1Z0BROQwTT3BYJJCDM/+djBAolhXHVpZzTzIFAxkjgakJRNCRlZi9ecZ2g68Pn5w==",
        "dependencies": {
          "Microsoft.IdentityModel.Protocols": "8.18.0",
          "System.IdentityModel.Tokens.Jwt": "8.18.0"
        }
      },
      "Microsoft.IdentityModel.Tokens": {
        "type": "Transitive",
        "resolved": "8.18.0",
        "contentHash": "c6ksXXFj5oPPsl8pfsui5zv8Gs7uxrGetXCTc1p7k7Nue/C8iBMtAVgtRrH7Esqe596QWD7KS3exKYY1FJG2iw==",
        "dependencies": {
          "Microsoft.Extensions.Logging.Abstractions": "8.0.0",
          "Microsoft.IdentityModel.Logging": "8.18.0"
        }
      },
      "Microsoft.IdentityModel.Validators": {
        "type": "Transitive",
        "resolved": "8.18.0",
        "contentHash": "JjqoKHMlPTFk4DkLvN/eO8scc5Am568Rc9juN9YGB6isHCuIllQNOCZqCZzk1fvrfnw4EL4mP57U0936KRcMGQ==",
        "dependencies": {
          "Microsoft.IdentityModel.Protocols": "8.18.0",
          "Microsoft.IdentityModel.Protocols.OpenIdConnect": "8.18.0",
          "Microsoft.IdentityModel.Tokens": "8.18.0",
          "System.IdentityModel.Tokens.Jwt": "8.18.0"
        }
      },
      "Microsoft.IO.RecyclableMemoryStream": {
        "type": "Transitive",
        "resolved": "3.0.1",
        "contentHash": "s/s20YTVY9r9TPfTrN5g8zPF1YhwxyqO6PxUkrYTGI2B+OGPe9AdajWZrLhFqXIvqIW23fnUE4+ztrUWNU1+9g=="
      },
      "Microsoft.Kiota.Abstractions": {
        "type": "Transitive",
        "resolved": "2.0.0",
        "contentHash": "cb0KA6QGvqMR1xNIjmErb5CiEbQJ/6odKcuPn2GTWD+aRMuldKDqRqRWMDT7MOBcUk9waJyJsgDG+ItQA01JmA==",
        "dependencies": {
          "Std.UriTemplate": "2.0.8"
        }
      },
      "Microsoft.Kiota.Authentication.Azure": {
        "type": "Transitive",
        "resolved": "2.0.0",
        "contentHash": "O890EE/4mIwfZbAeayZ0dXMSJVZWwUDcvOeH2GEmUbEQlSn+w37OHhuPClhIN4UO7EcqNC5N9ynyQWhOF+FWCg==",
        "dependencies": {
          "Azure.Core": "1.50.0",
          "Microsoft.Kiota.Abstractions": "2.0.0"
        }
      },
      "Microsoft.Kiota.Http.HttpClientLibrary": {
        "type": "Transitive",
        "resolved": "2.0.0",
        "contentHash": "oZ3ZR84InWEST6GyO9EBZMHweeprzlMiVsGy5dt9ec8Py1d6fgs4Yyyv0LJ56WoPc3Og5mM84pz3qD4hpiCT9w==",
        "dependencies": {
          "Microsoft.Extensions.DependencyInjection.Abstractions": "8.0.0",
          "Microsoft.Kiota.Abstractions": "2.0.0"
        }
      },
      "Microsoft.Kiota.Serialization.Form": {
        "type": "Transitive",
        "resolved": "2.0.0",
        "contentHash": "Sm7dLRzwJRx80o/U5LUI0ICX4k0hT3tZgLAfXbO/UehsX4YVu6yiuOwCNdXlvE9tnC5LWcQdi9RRCSo3fQgI+A==",
        "dependencies": {
          "Microsoft.IO.RecyclableMemoryStream": "3.0.1",
          "Microsoft.Kiota.Abstractions": "2.0.0"
        }
      },
      "Microsoft.Kiota.Serialization.Json": {
        "type": "Transitive",
        "resolved": "2.0.0",
        "contentHash": "0QB6RWSA3u7kQEDyaY3a3dVA98Fk2UwuYpusvX2aXmkQLPFijW4XKujQazHMoalx26fmSg6RF85ZJBqGzmgucA==",
        "dependencies": {
          "Microsoft.IO.RecyclableMemoryStream": "3.0.1",
          "Microsoft.Kiota.Abstractions": "2.0.0"
        }
      },
      "Microsoft.Kiota.Serialization.Multipart": {
        "type": "Transitive",
        "resolved": "2.0.0",
        "contentHash": "IR27DQpYul43E+2Nw2mzEMFIzwiRjQCnCOfylIE/dlFra3QjoT/s5bhYv9ZN182U0ajkiQYYT/UORvpgGau4mw==",
        "dependencies": {
          "Microsoft.IO.RecyclableMemoryStream": "3.0.1",
          "Microsoft.Kiota.Abstractions": "2.0.0"
        }
      },
      "Microsoft.Kiota.Serialization.Text": {
        "type": "Transitive",
        "resolved": "2.0.0",
        "contentHash": "yuQZ8VIWc3NCpK439zG105sAfyFkq8kA+fvxfXI1DA76gTGKNLBJtX8ljyuhMhcYCl/Uu9AOm/vfbbI/P5TapQ==",
        "dependencies": {
          "Microsoft.IO.RecyclableMemoryStream": "3.0.1",
          "Microsoft.Kiota.Abstractions": "2.0.0"
        }
      },
      "Microsoft.TestPlatform.ObjectModel": {
        "type": "Transitive",
        "resolved": "18.9.0",
        "contentHash": "Fz/qXC52VXXopzHj7v2reCKcCqSxkTDCkEDfkNAH0vni/7qK/KLMiEYtRmnUanxO2F2g2zZZ60qCpxF0AF7URA=="
      },
      "Microsoft.TestPlatform.TestHost": {
        "type": "Transitive",
        "resolved": "18.9.0",
        "contentHash": "Oq+Pma/J86aZL72t71bcESvDszDsTjUfl6PIsuDdPoKTHZfNMhKamCfLD5fKx51W/u0KozXtJo2/3fnt0sgPxg==",
        "dependencies": {
          "Microsoft.TestPlatform.ObjectModel": "18.9.0"
        }
      },
      "MimeKit": {
        "type": "Transitive",
        "resolved": "4.17.0",
        "contentHash": "h/KXsCreJf8RpR/PSAtlbvYtZFndp9N8Wn1Bs248AL7ITyhn+AiIY5bLTvt60tbN2mu6g8KadtBNWygTji2lqg==",
        "dependencies": {
          "BouncyCastle.Cryptography": "2.6.2",
          "System.Security.Cryptography.Pkcs": "10.0.0"
        }
      },
      "OpenTelemetry": {
        "type": "Transitive",
        "resolved": "1.15.3",
        "contentHash": "N0i6WjPoHPbZyms1ugbDIFAJFuGlpeExJMU/+XSL0lQRUkg/D0utFkDoLXf8Z1km5B+xVZ2GyMXXiX8qdeNmPg==",
        "dependencies": {
          "Microsoft.Extensions.Diagnostics.Abstractions": "10.0.0",
          "Microsoft.Extensions.Logging.Configuration": "10.0.0",
          "OpenTelemetry.Api.ProviderBuilderExtensions": "1.15.3"
        }
      },
      "OpenTelemetry.Api": {
        "type": "Transitive",
        "resolved": "1.15.3",
        "contentHash": "fX+fkCysfPut+qCcT3bKqyX4QN9Saf4CgX8HLOHywEVD+Xr7sULtfuypITpoDysjx8R59dn/3mWhgimMH8cm/g=="
      },
      "OpenTelemetry.Api.ProviderBuilderExtensions": {
        "type": "Transitive",
        "resolved": "1.15.3",
        "contentHash": "SYn0lqYDwLMWhv/zlNGsQcl2yX++yTumanX46bmOZE/ZDOd1WjPBO2kZaZgKLEZTZk48pavIFGJ6vOvxXgWVFQ==",
        "dependencies": {
          "Microsoft.Extensions.DependencyInjection.Abstractions": "10.0.0",
          "OpenTelemetry.Api": "1.15.3"
        }
      },
      "OpenTelemetry.Extensions.Hosting": {
        "type": "Transitive",
        "resolved": "1.15.3",
        "contentHash": "u8n/W8yIlqv0BXZmvId1iVaeWXG42tGKdTkuLYg5g57Y/r9CeUNzqtrSHNdG5IoO8iPX79w3v+WsbAHgUQbfeg==",
        "dependencies": {
          "Microsoft.Extensions.Hosting.Abstractions": "10.0.0",
          "OpenTelemetry": "1.15.3"
        }
      },
      "OpenTelemetry.PersistentStorage.Abstractions": {
        "type": "Transitive",
        "resolved": "1.0.3",
        "contentHash": "7nSE1uLY0KOHRssg1xQydDZJ/s9zECOzFT/gSDIp1KTxbgd1yziuMTsdBKZ/N1BbpUxfH6Pjq5OMd7lYogwReA=="
      },
      "OpenTelemetry.PersistentStorage.FileSystem": {
        "type": "Transitive",
        "resolved": "1.0.3",
        "contentHash": "3k+yCroJcGBtZIia+0LgzMlBuD0U95BzcWNEGWedusBaRAD8EmkaCPAUwaCtFbb/Mg7HywbIG2zuenANPYFJ0g==",
        "dependencies": {
          "OpenTelemetry.PersistentStorage.Abstractions": "1.0.3"
        }
      },
      "Serilog": {
        "type": "Transitive",
        "resolved": "4.4.0",
        "contentHash": "ZC6Le3rr4TVJJjS4KsQAesxeF1EhW9qcZmmG7eP5Y2G3+gTGkJEUXkq4+tZNPtyp05I0wWOxnIjwtxFweJsObw=="
      },
      "Serilog.Extensions.Hosting": {
        "type": "Transitive",
        "resolved": "10.0.0",
        "contentHash": "E7juuIc+gzoGxgzFooFgAV8g9BfiSXNKsUok9NmEpyAXg2odkcPsMa/Yo4axkJRlh0se7mkYQ1GXDaBemR+b6w==",
        "dependencies": {
          "Microsoft.Extensions.DependencyInjection.Abstractions": "10.0.0",
          "Microsoft.Extensions.Hosting.Abstractions": "10.0.0",
          "Microsoft.Extensions.Logging.Abstractions": "10.0.0",
          "Serilog": "4.3.0",
          "Serilog.Extensions.Logging": "10.0.0"
        }
      },
      "Serilog.Extensions.Logging": {
        "type": "Transitive",
        "resolved": "10.0.0",
        "contentHash": "vx0kABKl2dWbBhhqAfTOk53/i8aV/5VaT3a6il9gn72Wqs2pM7EK2OB6No6xdqK2IaY6Zf9gdjLuK9BVa2rT+Q==",
        "dependencies": {
          "Microsoft.Extensions.Logging": "10.0.0",
          "Serilog": "4.2.0"
        }
      },
      "Serilog.Settings.Configuration": {
        "type": "Transitive",
        "resolved": "10.0.1",
        "contentHash": "ayFE7h66mqMqzwfPrzDCMbWU27FdNC2bkCG+jnkeHFZTBRh+yWdr4aa/2WuX7c8RmqxGPMW2UqoJ3fw9hK3QhA==",
        "dependencies": {
          "Microsoft.Extensions.Configuration.Binder": "10.0.0",
          "Microsoft.Extensions.DependencyModel": "10.0.0",
          "Serilog": "4.3.0"
        }
      },
      "Serilog.Sinks.Console": {
        "type": "Transitive",
        "resolved": "6.1.1",
        "contentHash": "8jbqgjUyZlfCuSTaJk6lOca465OndqOz3KZP6Cryt/IqZYybyBu7GP0fE/AXBzrrQB3EBmQntBFAvMVz1COvAA==",
        "dependencies": {
          "Serilog": "4.0.0"
        }
      },
      "Serilog.Sinks.EventLog": {
        "type": "Transitive",
        "resolved": "4.0.0",
        "contentHash": "Cmfr5v407xVc0GA0Sk+RQCCBNvxvwY1lV5/k2bqLi3ksTvLx/KbGTVM2rA5Z/e2ZEZ12HOCvBviQ9Er9GsMjXQ==",
        "dependencies": {
          "Serilog": "4.0.0",
          "System.Diagnostics.EventLog": "8.0.0"
        }
      },
      "Serilog.Sinks.File": {
        "type": "Transitive",
        "resolved": "7.0.0",
        "contentHash": "fKL7mXv7qaiNBUC71ssvn/dU0k9t0o45+qm2XgKAlSt19xF+ijjxyA3R6HmCgfKEKwfcfkwWjayuQtRueZFkYw==",
        "dependencies": {
          "Serilog": "4.2.0"
        }
      },
      "SkiaSharp": {
        "type": "Transitive",
        "resolved": "4.151.1",
        "contentHash": "FNlVsGZ9to3o9pObVqhIZanHjUGOoPb/Zxk5svCSLMJnKwxPKV7sIJrjs9BpB/jF3j9OdsaMOb4cfwSJbjueSw==",
        "dependencies": {
          "SkiaSharp.NativeAssets.Win32": "4.151.1",
          "SkiaSharp.NativeAssets.macOS": "4.151.1"
        }
      },
      "SkiaSharp.NativeAssets.macOS": {
        "type": "Transitive",
        "resolved": "4.151.1",
        "contentHash": "nLXwdhi0oB7pqqNLbSOLX+FIZQOMAU/yFPspzcDTJjTmPbMWyp0JWyeVj8sFJ/cweurEfT0J/lvfgdXX2EFHXA=="
      },
      "SkiaSharp.NativeAssets.Win32": {
        "type": "Transitive",
        "resolved": "4.151.1",
        "contentHash": "G+nln30ZX2ZuhH+ungf6x/QMXCje38KTS0VTfQeMyeY8uyMBmsZwFz2D30ZxUjZqsVbEIcaC2bsYF65876s4Yg=="
      },
      "SmtpServer": {
        "type": "Transitive",
        "resolved": "11.1.0",
        "contentHash": "GIFVVQCX414D2qldHW6pddH246qoD9UQ8HLO8z9zCcjbMwgFZ7GJ7caJSKcwYwENL4xR+SYNJB7dOQoMK+EC0A=="
      },
      "SQLitePCLRaw.bundle_e_sqlite3": {
        "type": "Transitive",
        "resolved": "2.1.12",
        "contentHash": "mAgscpQMLw5/nfA1Q5oJVAT29yROUo1ifZGbbTpx/lwZpSxMUGoYbKfmvdm8oXER+RzxqBmmQzeBEVKfeHv2nw==",
        "dependencies": {
          "SQLitePCLRaw.lib.e_sqlite3": "2.1.12",
          "SQLitePCLRaw.provider.e_sqlite3": "2.1.12"
        }
      },
      "SQLitePCLRaw.core": {
        "type": "Transitive",
        "resolved": "2.1.12",
        "contentHash": "ETpNw9DY3ckWLgRRAeCHj+GKOuPi61aeczkXhgHexUvqoZBAYg8RYESE2J7O1M7+o6QbdSEZwrw9bfqztUVWXg=="
      },
      "SQLitePCLRaw.lib.e_sqlite3": {
        "type": "Transitive",
        "resolved": "2.1.12",
        "contentHash": "fWi8Dbknuhgg72fWinIdjXVaqO1hHL4YBBwVLnr7e1c9TAZwJ0QE38j9syW1hwx6HaqEVTwI+O07WPdZn8Rp0w=="
      },
      "SQLitePCLRaw.provider.e_sqlite3": {
        "type": "Transitive",
        "resolved": "2.1.12",
        "contentHash": "W3oH4XIfCzFrgUSDKHhN6N+dgzA5YHOR2VxX8GB6Qy7CyrJJgxPEG8NirgYWlPQC5P2jz2knSsexWu4tDUL33g==",
        "dependencies": {
          "SQLitePCLRaw.core": "2.1.12"
        }
      },
      "Std.UriTemplate": {
        "type": "Transitive",
        "resolved": "2.0.8",
        "contentHash": "IAR4gJlLVD4r/FsU/rDb1+9sbB3/tCFVZz5IzlbM2yHoiUisBi5Ek/KXRUF7RcqNARka79EoaOz9INnXvQ/O6w=="
      },
      "System.ClientModel": {
        "type": "Transitive",
        "resolved": "1.10.0",
        "contentHash": "lBEWs54F5Y5pZ9hC+8z4S/X76957ex+DPk7WecRHlbIHtrPfbRMMlOgI3iDn4Jpb3bSxvBnKaaHoD59auFjlBA==",
        "dependencies": {
          "Microsoft.Extensions.Configuration.Abstractions": "10.0.3",
          "Microsoft.Extensions.Hosting.Abstractions": "10.0.3",
          "Microsoft.Extensions.Logging.Abstractions": "10.0.3",
          "System.Memory.Data": "10.0.3"
        }
      },
      "System.Diagnostics.EventLog": {
        "type": "Transitive",
        "resolved": "10.0.11",
        "contentHash": "QTXEoQBzz00SFWbo7nAg1Ogd4f99lwqcO9uAJ7MYSLEUR28f6As32QktrqG2Fr9cfAfd1GjLyGYspE7Ipj7P6w=="
      },
      "System.IdentityModel.Tokens.Jwt": {
        "type": "Transitive",
        "resolved": "8.18.0",
        "contentHash": "JxKlBca3/eXeH4koAGjEXOwrBdtwyDXwHXdYT5TQunp64TcVBl4wBCfmlGwhSG017Q/Qrz24leLxV6v2eknnJg==",
        "dependencies": {
          "Microsoft.IdentityModel.JsonWebTokens": "8.18.0",
          "Microsoft.IdentityModel.Tokens": "8.18.0"
        }
      },
      "System.Memory.Data": {
        "type": "Transitive",
        "resolved": "10.0.3",
        "contentHash": "MaGhRfGunmrj/nHjtsi9XkhlYJ/ERGWrbA+BiSKNtGnAjc9XlG5EhAvak6VRcX5LYzPF6pBO8nJ613dTgzabig=="
      },
      "System.Security.Cryptography.Pkcs": {
        "type": "Transitive",
        "resolved": "10.0.11",
        "contentHash": "8IV+rI3xN/Mkq9MsSX7VZTv9T9Wt+tyhHLwBX9VNZBk8m8kknEs1JeTSjI2x9M2L/fSja+c2WSE5n5Yy0GXdoQ=="
      },
      "System.Security.Cryptography.ProtectedData": {
        "type": "Transitive",
        "resolved": "10.0.11",
        "contentHash": "PNoxCTPb+Tlux+GJyq4c89ddYdpioVSqfGx8pqOF6shCSKwUNNctXhQtRkCICjbJmGrJJsW8NY52kVYO/b8mlQ=="
      },
      "System.Security.Cryptography.Xml": {
        "type": "Transitive",
        "resolved": "10.0.11",
        "contentHash": "TokfVsaU2fmcwvsU6ihLCkseVfwhLX6Tmbl3qh3nOBIqHSX4yqFllpslA+PuHERH/ENu3kwqo4deZiyT0Wvh3Q==",
        "dependencies": {
          "System.Security.Cryptography.Pkcs": "10.0.11"
        }
      },
      "System.ServiceProcess.ServiceController": {
        "type": "Transitive",
        "resolved": "10.0.11",
        "contentHash": "khROyIQ3GAZy5MbCabfmlbvxf9nuvdveFP2XbRCteZ9Lq8OFEvImmrjV6acl1LegRu/9T6VMxi9Lr+KZu29VHg==",
        "dependencies": {
          "System.Diagnostics.EventLog": "10.0.11"
        }
      },
      "xunit.abstractions": {
        "type": "Transitive",
        "resolved": "2.0.3",
        "contentHash": "pot1I4YOxlWjIb5jmwvvQNbTrZ3lJQ+jUGkGjWE3hEFM0l5gOnBWS+H3qsex68s5cO52g+44vpGzhAt+42vwKg=="
      },
      "xunit.analyzers": {
        "type": "Transitive",
        "resolved": "1.18.0",
        "contentHash": "OtFMHN8yqIcYP9wcVIgJrq01AfTxijjAqVDy/WeQVSyrDC1RzBWeQPztL49DN2syXRah8TYnfvk035s7L95EZQ=="
      },
      "xunit.assert": {
        "type": "Transitive",
        "resolved": "2.9.3",
        "contentHash": "/Kq28fCE7MjOV42YLVRAJzRF0WmEqsmflm0cfpMjGtzQ2lR5mYVj1/i0Y8uDAOLczkL3/jArrwehfMD0YogMAA=="
      },
      "xunit.core": {
        "type": "Transitive",
        "resolved": "2.9.3",
        "contentHash": "BiAEvqGvyme19wE0wTKdADH+NloYqikiU0mcnmiNyXaF9HyHmE6sr/3DC5vnBkgsWaE6yPyWszKSPSApWdRVeQ==",
        "dependencies": {
          "xunit.extensibility.core": "[2.9.3]",
          "xunit.extensibility.execution": "[2.9.3]"
        }
      },
      "xunit.extensibility.core": {
        "type": "Transitive",
        "resolved": "2.9.3",
        "contentHash": "kf3si0YTn2a8J8eZNb+zFpwfoyvIrQ7ivNk5ZYA5yuYk1bEtMe4DxJ2CF/qsRgmEnDr7MnW1mxylBaHTZ4qErA==",
        "dependencies": {
          "xunit.abstractions": "2.0.3"
        }
      },
      "xunit.extensibility.execution": {
        "type": "Transitive",
        "resolved": "2.9.3",
        "contentHash": "yMb6vMESlSrE3Wfj7V6cjQ3S4TXdXpRqYeNEI3zsX31uTsGMJjEw6oD5F5u1cHnMptjhEECnmZSsPxB6ChZHDQ==",
        "dependencies": {
          "xunit.extensibility.core": "[2.9.3]"
        }
      },
      "GraphMailer": {
        "type": "Project",
        "dependencies": {
          "Azure.Identity": "[1.21.0, )",
          "Microsoft.ApplicationInsights": "[3.1.2, )",
          "Microsoft.AspNetCore.DataProtection": "[10.0.11, )",
          "Microsoft.Data.Sqlite": "[10.0.11, )",
          "Microsoft.Extensions.Hosting.WindowsServices": "[10.0.11, )",
          "Microsoft.Graph": "[6.5.0, )",
          "Microsoft.Identity.Client": "[4.88.0, )",
          "MimeKit": "[4.17.0, )",
          "Serilog": "[4.4.0, )",
          "Serilog.Extensions.Hosting": "[10.0.0, )",
          "Serilog.Settings.Configuration": "[10.0.1, )",
          "Serilog.Sinks.Console": "[6.1.1, )",
          "Serilog.Sinks.EventLog": "[4.0.0, )",
          "Serilog.Sinks.File": "[7.0.0, )",
          "SkiaSharp": "[4.151.1, )",
          "SkiaSharp.NativeAssets.Win32": "[4.151.1, )",
          "SmtpServer": "[11.1.0, )",
          "System.Security.Cryptography.ProtectedData": "[10.0.11, )"
        }
      }
    }
  }
}